
Microsoft Visual Studio Solution File, Format Version 12.00
# Visual Studio 15
VisualStudioVersion = 15.0.28307.1585
MinimumVisualStudioVersion = 10.0.40219.1
Project("{8BC9CEB8-8B4A-11D0-8D11-00A0C91BC942}") = "Client", "Client\Client.vcxproj", "{64EE6BFE-459B-4427-B8C6-A0AA4E5175A4}"
EndProject
Project("{8BC9CEB8-8B4A-11D0-8D11-00A0C91BC942}") = "Server", "Server\Server.vcxproj", "{FBF71E15-AB27-469D-A8A0-99DD36E915DD}"
EndProject
Global
	GlobalSection(SolutionConfigurationPlatforms) = preSolution
		Debug|x64 = Debug|x64
		Debug|x86 = Debug|x86
		Release|x64 = Release|x64
		Release|x86 = Release|x86
	EndGlobalSection
	GlobalSection(ProjectConfigurationPlatforms) = postSolution
		{64EE6BFE-459B-4427-B8C6-A0AA4E5175A4}.Debug|x64.ActiveCfg = Debug|x64
		{64EE6BFE-459B-4427-B8C6-A0AA4E5175A4}.Debug|x64.Build.0 = Debug|x64
		{64EE6BFE-459B-4427-B8C6-A0AA4E5175A4}.Debug|x86.ActiveCfg = Debug|Win32
		{64EE6BFE-459B-4427-B8C6-A0AA4E5175A4}.Debug|x86.Build.0 = Debug|Win32
		{64EE6BFE-459B-4427-B8C6-A0AA4E5175A4}.Release|x64.ActiveCfg = Release|x64
		{64EE6BFE-459B-4427-B8C6-A0AA4E5175A4}.Release|x64.Build.0 = Release|x64
		{64EE6BFE-459B-4427-B8C6-A0AA4E5175A4}.Release|x86.ActiveCfg = Release|Win32
		{64EE6BFE-459B-4427-B8C6-A0AA4E5175A4}.Release|x86.Build.0 = Release|Win32
		{FBF71E15-AB27-469D-A8A0-99DD36E915DD}.Debug|x64.ActiveCfg = Debug|x64
		{FBF71E15-AB27-469D-A8A0-99DD36E915DD}.Debug|x64.Build.0 = Debug|x64
		{FBF71E15-AB27-469D-A8A0-99DD36E915DD}.Debug|x86.ActiveCfg = Debug|Win32
		{FBF71E15-AB27-469D-A8A0-99DD36E915DD}.Debug|x86.Build.0 = Debug|Win32
		{FBF71E15-AB27-469D-A8A0-99DD36E915DD}.Release|x64.ActiveCfg = Release|x64
		{FBF71E15-AB27-469D-A8A0-99DD36E915DD}.Release|x64.Build.0 = Release|x64
		{FBF71E15-AB27-469D-A8A0-99DD36E915DD}.Release|x86.ActiveCfg = Release|Win32
		{FBF71E15-AB27-469D-A8A0-99DD36E915DD}.Release|x86.Build.0 = Release|Win32
	EndGlobalSection
	GlobalSection(SolutionProperties) = preSolution
		HideSolutionNode = FALSE
	EndGlobalSection
	GlobalSection(ExtensibilityGlobals) = postSolution
		SolutionGuid = {81AB35C5-C0C0-4A7F-A6DC-254AD262AB5B}
	EndGlobalSection
EndGlobal
